
Microsoft Visual Studio Solution File, Format Version 12.00
# Visual Studio 15
VisualStudioVersion = 15.0.28010.2026
MinimumVisualStudioVersion = 10.0.40219.1
Project("{8BC9CEB8-8B4A-11D0-8D11-00A0C91BC942}") = "FacialRetargeting_CL", "FacialRetargeting_CL\FacialRetargeting_CL.vcxproj", "{9464B628-0258-4F2D-9A3A-D605E5B104AD}"
EndProject
Global
	GlobalSection(SolutionConfigurationPlatforms) = preSolution
		Debug|x64 = Debug|x64
		Debug|x86 = Debug|x86
		Release|x64 = Release|x64
		Release|x86 = Release|x86
	EndGlobalSection
	GlobalSection(ProjectConfigurationPlatforms) = postSolution
		{9464B628-0258-4F2D-9A3A-D605E5B104AD}.Debug|x64.ActiveCfg = Debug|x64
		{9464B628-0258-4F2D-9A3A-D605E5B104AD}.Debug|x64.Build.0 = Debug|x64
		{9464B628-0258-4F2D-9A3A-D605E5B104AD}.Debug|x86.ActiveCfg = Debug|Win32
		{9464B628-0258-4F2D-9A3A-D605E5B104AD}.Debug|x86.Build.0 = Debug|Win32
		{9464B628-0258-4F2D-9A3A-D605E5B104AD}.Release|x64.ActiveCfg = Release|x64
		{9464B628-0258-4F2D-9A3A-D605E5B104AD}.Release|x64.Build.0 = Release|x64
		{9464B628-0258-4F2D-9A3A-D605E5B104AD}.Release|x86.ActiveCfg = Release|Win32
		{9464B628-0258-4F2D-9A3A-D605E5B104AD}.Release|x86.Build.0 = Release|Win32
	EndGlobalSection
	GlobalSection(SolutionProperties) = preSolution
		HideSolutionNode = FALSE
	EndGlobalSection
	GlobalSection(ExtensibilityGlobals) = postSolution
		SolutionGuid = {C47B8C27-B0BC-4806-94D3-88C11EF9B971}
	EndGlobalSection
EndGlobal
